
Microsoft Visual Studio Solution File, Format Version 12.00
# Visual Studio 15
VisualStudioVersion = 15.0.26124.0
MinimumVisualStudioVersion = 15.0.26124.0
Project("{2150E333-8FDC-42A3-9474-1A3956D46DE8}") = "src", "src", "{FF9EDC2A-3286-4715-A24D-3BBF810037EB}"
EndProject
Project("{FAE04EC0-301F-11D3-BF4B-00C04F79EFBC}") = "DetritusThresher.App", "src\DetritusThresher.App\DetritusThresher.App.csproj", "{FE4AE96F-C66B-4EE0-9FC4-AFFBED5A67BC}"
EndProject
Project("{FAE04EC0-301F-11D3-BF4B-00C04F79EFBC}") = "DetritusThresher.Core", "src\DetritusThresher.Core\DetritusThresher.Core.csproj", "{C68E1287-0761-467A-8A1B-B200D81AF5A3}"
EndProject
Project("{FAE04EC0-301F-11D3-BF4B-00C04F79EFBC}") = "DetritusThresher.Migrations", "src\DetritusThresher.Migrations\DetritusThresher.Migrations.csproj", "{35668B78-B806-4DCD-865F-F7EAE0E9D9E0}"
EndProject
Project("{2150E333-8FDC-42A3-9474-1A3956D46DE8}") = "test", "test", "{5E0F797F-6BD8-4A53-87CA-64798A9F6A28}"
EndProject
Project("{FAE04EC0-301F-11D3-BF4B-00C04F79EFBC}") = "DetritusThresher.Core.Tests", "test\DetritusThresher.Core.Tests\DetritusThresher.Core.Tests.csproj", "{B2760D43-88CE-4945-B746-7A6F22B2761D}"
EndProject
Project("{FAE04EC0-301F-11D3-BF4B-00C04F79EFBC}") = "DetritusThresher.Migrations.Tests", "test\DetritusThresher.Migrations.Tests\DetritusThresher.Migrations.Tests.csproj", "{E54B2C91-6682-4C2E-B397-3E5D0A09610A}"
EndProject
Global
	GlobalSection(SolutionConfigurationPlatforms) = preSolution
		Debug|Any CPU = Debug|Any CPU
		Debug|x64 = Debug|x64
		Debug|x86 = Debug|x86
		Release|Any CPU = Release|Any CPU
		Release|x64 = Release|x64
		Release|x86 = Release|x86
	EndGlobalSection
	GlobalSection(SolutionProperties) = preSolution
		HideSolutionNode = FALSE
	EndGlobalSection
	GlobalSection(ProjectConfigurationPlatforms) = postSolution
		{FE4AE96F-C66B-4EE0-9FC4-AFFBED5A67BC}.Debug|Any CPU.ActiveCfg = Debug|Any CPU
		{FE4AE96F-C66B-4EE0-9FC4-AFFBED5A67BC}.Debug|Any CPU.Build.0 = Debug|Any CPU
		{FE4AE96F-C66B-4EE0-9FC4-AFFBED5A67BC}.Debug|x64.ActiveCfg = Debug|Any CPU
		{FE4AE96F-C66B-4EE0-9FC4-AFFBED5A67BC}.Debug|x64.Build.0 = Debug|Any CPU
		{FE4AE96F-C66B-4EE0-9FC4-AFFBED5A67BC}.Debug|x86.ActiveCfg = Debug|Any CPU
		{FE4AE96F-C66B-4EE0-9FC4-AFFBED5A67BC}.Debug|x86.Build.0 = Debug|Any CPU
		{FE4AE96F-C66B-4EE0-9FC4-AFFBED5A67BC}.Release|Any CPU.ActiveCfg = Release|Any CPU
		{FE4AE96F-C66B-4EE0-9FC4-AFFBED5A67BC}.Release|Any CPU.Build.0 = Release|Any CPU
		{FE4AE96F-C66B-4EE0-9FC4-AFFBED5A67BC}.Release|x64.ActiveCfg = Release|Any CPU
		{FE4AE96F-C66B-4EE0-9FC4-AFFBED5A67BC}.Release|x64.Build.0 = Release|Any CPU
		{FE4AE96F-C66B-4EE0-9FC4-AFFBED5A67BC}.Release|x86.ActiveCfg = Release|Any CPU
		{FE4AE96F-C66B-4EE0-9FC4-AFFBED5A67BC}.Release|x86.Build.0 = Release|Any CPU
		{C68E1287-0761-467A-8A1B-B200D81AF5A3}.Debug|Any CPU.ActiveCfg = Debug|Any CPU
		{C68E1287-0761-467A-8A1B-B200D81AF5A3}.Debug|Any CPU.Build.0 = Debug|Any CPU
		{C68E1287-0761-467A-8A1B-B200D81AF5A3}.Debug|x64.ActiveCfg = Debug|Any CPU
		{C68E1287-0761-467A-8A1B-B200D81AF5A3}.Debug|x64.Build.0 = Debug|Any CPU
		{C68E1287-0761-467A-8A1B-B200D81AF5A3}.Debug|x86.ActiveCfg = Debug|Any CPU
		{C68E1287-0761-467A-8A1B-B200D81AF5A3}.Debug|x86.Build.0 = Debug|Any CPU
		{C68E1287-0761-467A-8A1B-B200D81AF5A3}.Release|Any CPU.ActiveCfg = Release|Any CPU
		{C68E1287-0761-467A-8A1B-B200D81AF5A3}.Release|Any CPU.Build.0 = Release|Any CPU
		{C68E1287-0761-467A-8A1B-B200D81AF5A3}.Release|x64.ActiveCfg = Release|Any CPU
		{C68E1287-0761-467A-8A1B-B200D81AF5A3}.Release|x64.Build.0 = Release|Any CPU
		{C68E1287-0761-467A-8A1B-B200D81AF5A3}.Release|x86.ActiveCfg = Release|Any CPU
		{C68E1287-0761-467A-8A1B-B200D81AF5A3}.Release|x86.Build.0 = Release|Any CPU
		{35668B78-B806-4DCD-865F-F7EAE0E9D9E0}.Debug|Any CPU.ActiveCfg = Debug|Any CPU
		{35668B78-B806-4DCD-865F-F7EAE0E9D9E0}.Debug|Any CPU.Build.0 = Debug|Any CPU
		{35668B78-B806-4DCD-865F-F7EAE0E9D9E0}.Debug|x64.ActiveCfg = Debug|Any CPU
		{35668B78-B806-4DCD-865F-F7EAE0E9D9E0}.Debug|x64.Build.0 = Debug|Any CPU
		{35668B78-B806-4DCD-865F-F7EAE0E9D9E0}.Debug|x86.ActiveCfg = Debug|Any CPU
		{35668B78-B806-4DCD-865F-F7EAE0E9D9E0}.Debug|x86.Build.0 = Debug|Any CPU
		{35668B78-B806-4DCD-865F-F7EAE0E9D9E0}.Release|Any CPU.ActiveCfg = Release|Any CPU
		{35668B78-B806-4DCD-865F-F7EAE0E9D9E0}.Release|Any CPU.Build.0 = Release|Any CPU
		{35668B78-B806-4DCD-865F-F7EAE0E9D9E0}.Release|x64.ActiveCfg = Release|Any CPU
		{35668B78-B806-4DCD-865F-F7EAE0E9D9E0}.Release|x64.Build.0 = Release|Any CPU
		{35668B78-B806-4DCD-865F-F7EAE0E9D9E0}.Release|x86.ActiveCfg = Release|Any CPU
		{35668B78-B806-4DCD-865F-F7EAE0E9D9E0}.Release|x86.Build.0 = Release|Any CPU
		{B2760D43-88CE-4945-B746-7A6F22B2761D}.Debug|Any CPU.ActiveCfg = Debug|Any CPU
		{B2760D43-88CE-4945-B746-7A6F22B2761D}.Debug|Any CPU.Build.0 = Debug|Any CPU
		{B2760D43-88CE-4945-B746-7A6F22B2761D}.Debug|x64.ActiveCfg = Debug|Any CPU
		{B2760D43-88CE-4945-B746-7A6F22B2761D}.Debug|x64.Build.0 = Debug|Any CPU
		{B2760D43-88CE-4945-B746-7A6F22B2761D}.Debug|x86.ActiveCfg = Debug|Any CPU
		{B2760D43-88CE-4945-B746-7A6F22B2761D}.Debug|x86.Build.0 = Debug|Any CPU
		{B2760D43-88CE-4945-B746-7A6F22B2761D}.Release|Any CPU.ActiveCfg = Release|Any CPU
		{B2760D43-88CE-4945-B746-7A6F22B2761D}.Release|Any CPU.Build.0 = Release|Any CPU
		{B2760D43-88CE-4945-B746-7A6F22B2761D}.Release|x64.ActiveCfg = Release|Any CPU
		{B2760D43-88CE-4945-B746-7A6F22B2761D}.Release|x64.Build.0 = Release|Any CPU
		{B2760D43-88CE-4945-B746-7A6F22B2761D}.Release|x86.ActiveCfg = Release|Any CPU
		{B2760D43-88CE-4945-B746-7A6F22B2761D}.Release|x86.Build.0 = Release|Any CPU
		{E54B2C91-6682-4C2E-B397-3E5D0A09610A}.Debug|Any CPU.ActiveCfg = Debug|Any CPU
		{E54B2C91-6682-4C2E-B397-3E5D0A09610A}.Debug|Any CPU.Build.0 = Debug|Any CPU
		{E54B2C91-6682-4C2E-B397-3E5D0A09610A}.Debug|x64.ActiveCfg = Debug|Any CPU
		{E54B2C91-6682-4C2E-B397-3E5D0A09610A}.Debug|x64.Build.0 = Debug|Any CPU
		{E54B2C91-6682-4C2E-B397-3E5D0A09610A}.Debug|x86.ActiveCfg = Debug|Any CPU
		{E54B2C91-6682-4C2E-B397-3E5D0A09610A}.Debug|x86.Build.0 = Debug|Any CPU
		{E54B2C91-6682-4C2E-B397-3E5D0A09610A}.Release|Any CPU.ActiveCfg = Release|Any CPU
		{E54B2C91-6682-4C2E-B397-3E5D0A09610A}.Release|Any CPU.Build.0 = Release|Any CPU
		{E54B2C91-6682-4C2E-B397-3E5D0A09610A}.Release|x64.ActiveCfg = Release|Any CPU
		{E54B2C91-6682-4C2E-B397-3E5D0A09610A}.Release|x64.Build.0 = Release|Any CPU
		{E54B2C91-6682-4C2E-B397-3E5D0A09610A}.Release|x86.ActiveCfg = Release|Any CPU
		{E54B2C91-6682-4C2E-B397-3E5D0A09610A}.Release|x86.Build.0 = Release|Any CPU
	EndGlobalSection
	GlobalSection(NestedProjects) = preSolution
		{FE4AE96F-C66B-4EE0-9FC4-AFFBED5A67BC} = {FF9EDC2A-3286-4715-A24D-3BBF810037EB}
		{C68E1287-0761-467A-8A1B-B200D81AF5A3} = {FF9EDC2A-3286-4715-A24D-3BBF810037EB}
		{35668B78-B806-4DCD-865F-F7EAE0E9D9E0} = {FF9EDC2A-3286-4715-A24D-3BBF810037EB}
		{B2760D43-88CE-4945-B746-7A6F22B2761D} = {5E0F797F-6BD8-4A53-87CA-64798A9F6A28}
		{E54B2C91-6682-4C2E-B397-3E5D0A09610A} = {5E0F797F-6BD8-4A53-87CA-64798A9F6A28}
	EndGlobalSection
EndGlobal
